
Microsoft Visual Studio Solution File, Format Version 10.00
# Visual C++ Express 2008
Project("{8BC9CEB8-8B4A-11D0-8D11-00A0C91BC942}") = "practika", "practika\practika.vcproj", "{B7FBF606-5D2C-4088-9D87-5F670AC7F658}"
EndProject
Global
	GlobalSection(SolutionConfigurationPlatforms) = preSolution
		Debug|Win32 = Debug|Win32
		Release|Win32 = Release|Win32
	EndGlobalSection
	GlobalSection(ProjectConfigurationPlatforms) = postSolution
		{B7FBF606-5D2C-4088-9D87-5F670AC7F658}.Debug|Win32.ActiveCfg = Debug|Win32
		{B7FBF606-5D2C-4088-9D87-5F670AC7F658}.Debug|Win32.Build.0 = Debug|Win32
		{B7FBF606-5D2C-4088-9D87-5F670AC7F658}.Release|Win32.ActiveCfg = Release|Win32
		{B7FBF606-5D2C-4088-9D87-5F670AC7F658}.Release|Win32.Build.0 = Release|Win32
	EndGlobalSection
	GlobalSection(SolutionProperties) = preSolution
		HideSolutionNode = FALSE
	EndGlobalSection
EndGlobal
